
Microsoft Visual Studio Solution File, Format Version 12.00
# Visual Studio Version 17
VisualStudioVersion = 17.0.32014.148
MinimumVisualStudioVersion = 10.0.40219.1
Project("{9A19103F-16F7-4668-BE54-9A1E7A4F7556}") = "ActiveRecordNET.Lib", "ActiveRecordNET.Lib\ActiveRecordNET.Lib.csproj", "{4A0C97C3-5D64-4B9E-A4EC-0277BD28433D}"
EndProject
Project("{9A19103F-16F7-4668-BE54-9A1E7A4F7556}") = "ActiveRecordNET.Lib.Integration.Tests", "ActiveRecordNET.Lib.Integration.Tests\ActiveRecordNET.Lib.Integration.Tests.csproj", "{4A53F02F-E907-4862-9E36-99AE0EEB8031}"
EndProject
Project("{9A19103F-16F7-4668-BE54-9A1E7A4F7556}") = "ActiveRecordNET.Lib.Unit.Tests", "ActiveRecordNET.Lib.Unit.Tests\ActiveRecordNET.Lib.Unit.Tests.csproj", "{84656FAF-EAA9-4024-A21C-153461A5C295}"
EndProject
Project("{9A19103F-16F7-4668-BE54-9A1E7A4F7556}") = "ActiveRecordNET.Lib.Extensions", "ActiveRecordNET.Lib.Extensions\ActiveRecordNET.Lib.Extensions.csproj", "{6BA23ACC-D71F-49D7-A0D3-9765F45551B2}"
EndProject
Project("{FAE04EC0-301F-11D3-BF4B-00C04F79EFBC}") = "ActiveRecordNET.Lib.Extensions.Integration.Tests", "ActiveRecordNET.Lib.Extensions.Integration.Tests\ActiveRecordNET.Lib.Extensions.Integration.Tests.csproj", "{3C2A283F-44E9-4BB7-85CD-4F395E4C7510}"
EndProject
Project("{FAE04EC0-301F-11D3-BF4B-00C04F79EFBC}") = "ActiveRecordNET.Lib.Common.Tests", "ActiveRecordNET.Lib.Common.Tests\ActiveRecordNET.Lib.Common.Tests.csproj", "{C0DC511A-8B3C-4543-BD41-9EB750892CC8}"
EndProject
Global
	GlobalSection(SolutionConfigurationPlatforms) = preSolution
		Debug|Any CPU = Debug|Any CPU
		Release|Any CPU = Release|Any CPU
	EndGlobalSection
	GlobalSection(ProjectConfigurationPlatforms) = postSolution
		{4A0C97C3-5D64-4B9E-A4EC-0277BD28433D}.Debug|Any CPU.ActiveCfg = Debug|Any CPU
		{4A0C97C3-5D64-4B9E-A4EC-0277BD28433D}.Debug|Any CPU.Build.0 = Debug|Any CPU
		{4A0C97C3-5D64-4B9E-A4EC-0277BD28433D}.Release|Any CPU.ActiveCfg = Release|Any CPU
		{4A0C97C3-5D64-4B9E-A4EC-0277BD28433D}.Release|Any CPU.Build.0 = Release|Any CPU
		{4A53F02F-E907-4862-9E36-99AE0EEB8031}.Debug|Any CPU.ActiveCfg = Debug|Any CPU
		{4A53F02F-E907-4862-9E36-99AE0EEB8031}.Debug|Any CPU.Build.0 = Debug|Any CPU
		{4A53F02F-E907-4862-9E36-99AE0EEB8031}.Release|Any CPU.ActiveCfg = Release|Any CPU
		{4A53F02F-E907-4862-9E36-99AE0EEB8031}.Release|Any CPU.Build.0 = Release|Any CPU
		{84656FAF-EAA9-4024-A21C-153461A5C295}.Debug|Any CPU.ActiveCfg = Debug|Any CPU
		{84656FAF-EAA9-4024-A21C-153461A5C295}.Debug|Any CPU.Build.0 = Debug|Any CPU
		{84656FAF-EAA9-4024-A21C-153461A5C295}.Release|Any CPU.ActiveCfg = Release|Any CPU
		{84656FAF-EAA9-4024-A21C-153461A5C295}.Release|Any CPU.Build.0 = Release|Any CPU
		{6BA23ACC-D71F-49D7-A0D3-9765F45551B2}.Debug|Any CPU.ActiveCfg = Debug|Any CPU
		{6BA23ACC-D71F-49D7-A0D3-9765F45551B2}.Debug|Any CPU.Build.0 = Debug|Any CPU
		{6BA23ACC-D71F-49D7-A0D3-9765F45551B2}.Release|Any CPU.ActiveCfg = Release|Any CPU
		{6BA23ACC-D71F-49D7-A0D3-9765F45551B2}.Release|Any CPU.Build.0 = Release|Any CPU
		{3C2A283F-44E9-4BB7-85CD-4F395E4C7510}.Debug|Any CPU.ActiveCfg = Debug|Any CPU
		{3C2A283F-44E9-4BB7-85CD-4F395E4C7510}.Debug|Any CPU.Build.0 = Debug|Any CPU
		{3C2A283F-44E9-4BB7-85CD-4F395E4C7510}.Release|Any CPU.ActiveCfg = Release|Any CPU
		{3C2A283F-44E9-4BB7-85CD-4F395E4C7510}.Release|Any CPU.Build.0 = Release|Any CPU
		{C0DC511A-8B3C-4543-BD41-9EB750892CC8}.Debug|Any CPU.ActiveCfg = Debug|Any CPU
		{C0DC511A-8B3C-4543-BD41-9EB750892CC8}.Debug|Any CPU.Build.0 = Debug|Any CPU
		{C0DC511A-8B3C-4543-BD41-9EB750892CC8}.Release|Any CPU.ActiveCfg = Release|Any CPU
		{C0DC511A-8B3C-4543-BD41-9EB750892CC8}.Release|Any CPU.Build.0 = Release|Any CPU
	EndGlobalSection
	GlobalSection(SolutionProperties) = preSolution
		HideSolutionNode = FALSE
	EndGlobalSection
	GlobalSection(ExtensibilityGlobals) = postSolution
		SolutionGuid = {CC0EDD94-D849-4A35-B969-8312E61F5DF0}
	EndGlobalSection
EndGlobal
